
Microsoft Visual Studio Solution File, Format Version 12.00
# Visual Studio 15
VisualStudioVersion = 15.0.28307.572
MinimumVisualStudioVersion = 10.0.40219.1
Project("{9A19103F-16F7-4668-BE54-9A1E7A4F7556}") = "SIS.HTTP", "SIS.HTTP\SIS.HTTP.csproj", "{F8F1EDEA-1BBB-4A3E-BD4F-B6C234A17444}"
EndProject
Project("{9A19103F-16F7-4668-BE54-9A1E7A4F7556}") = "SIS.WebServer", "SIS.WebServer\SIS.WebServer.csproj", "{2CC0AB99-BCA3-4FCF-8E58-A3D0D8BBFEC0}"
EndProject
Project("{9A19103F-16F7-4668-BE54-9A1E7A4F7556}") = "SIS.Demo", "SIS.Demo\SIS.Demo.csproj", "{054D039D-F708-4366-9A5F-7A952A2A3446}"
EndProject
Project("{2150E333-8FDC-42A3-9474-1A3956D46DE8}") = "Apps", "Apps", "{4AB131C9-5E2D-41D3-A97D-16D1396D2647}"
EndProject
Project("{FAE04EC0-301F-11D3-BF4B-00C04F79EFBC}") = "CakeApp", "CakeApp\CakeApp.csproj", "{1B6A8144-52AE-4AFF-8E03-3D105C331E8F}"
EndProject
Global
	GlobalSection(SolutionConfigurationPlatforms) = preSolution
		Debug|Any CPU = Debug|Any CPU
		Release|Any CPU = Release|Any CPU
	EndGlobalSection
	GlobalSection(ProjectConfigurationPlatforms) = postSolution
		{F8F1EDEA-1BBB-4A3E-BD4F-B6C234A17444}.Debug|Any CPU.ActiveCfg = Debug|Any CPU
		{F8F1EDEA-1BBB-4A3E-BD4F-B6C234A17444}.Debug|Any CPU.Build.0 = Debug|Any CPU
		{F8F1EDEA-1BBB-4A3E-BD4F-B6C234A17444}.Release|Any CPU.ActiveCfg = Release|Any CPU
		{F8F1EDEA-1BBB-4A3E-BD4F-B6C234A17444}.Release|Any CPU.Build.0 = Release|Any CPU
		{2CC0AB99-BCA3-4FCF-8E58-A3D0D8BBFEC0}.Debug|Any CPU.ActiveCfg = Debug|Any CPU
		{2CC0AB99-BCA3-4FCF-8E58-A3D0D8BBFEC0}.Debug|Any CPU.Build.0 = Debug|Any CPU
		{2CC0AB99-BCA3-4FCF-8E58-A3D0D8BBFEC0}.Release|Any CPU.ActiveCfg = Release|Any CPU
		{2CC0AB99-BCA3-4FCF-8E58-A3D0D8BBFEC0}.Release|Any CPU.Build.0 = Release|Any CPU
		{054D039D-F708-4366-9A5F-7A952A2A3446}.Debug|Any CPU.ActiveCfg = Debug|Any CPU
		{054D039D-F708-4366-9A5F-7A952A2A3446}.Debug|Any CPU.Build.0 = Debug|Any CPU
		{054D039D-F708-4366-9A5F-7A952A2A3446}.Release|Any CPU.ActiveCfg = Release|Any CPU
		{054D039D-F708-4366-9A5F-7A952A2A3446}.Release|Any CPU.Build.0 = Release|Any CPU
		{1B6A8144-52AE-4AFF-8E03-3D105C331E8F}.Debug|Any CPU.ActiveCfg = Debug|Any CPU
		{1B6A8144-52AE-4AFF-8E03-3D105C331E8F}.Debug|Any CPU.Build.0 = Debug|Any CPU
		{1B6A8144-52AE-4AFF-8E03-3D105C331E8F}.Release|Any CPU.ActiveCfg = Release|Any CPU
		{1B6A8144-52AE-4AFF-8E03-3D105C331E8F}.Release|Any CPU.Build.0 = Release|Any CPU
	EndGlobalSection
	GlobalSection(SolutionProperties) = preSolution
		HideSolutionNode = FALSE
	EndGlobalSection
	GlobalSection(NestedProjects) = preSolution
		{1B6A8144-52AE-4AFF-8E03-3D105C331E8F} = {4AB131C9-5E2D-41D3-A97D-16D1396D2647}
	EndGlobalSection
	GlobalSection(ExtensibilityGlobals) = postSolution
		SolutionGuid = {AF3BF33C-99FB-422D-8B0D-EEA7AF361A73}
	EndGlobalSection
EndGlobal
