
Microsoft Visual Studio Solution File, Format Version 12.00
# Visual Studio 15
VisualStudioVersion = 15.0.28307.136
MinimumVisualStudioVersion = 10.0.40219.1
Project("{FAE04EC0-301F-11D3-BF4B-00C04F79EFBC}") = "P01_BillsPaymentSystem", "P01_BillsPaymentSystem\P01_BillsPaymentSystem.csproj", "{6115B4AE-87C5-45B7-B580-39CB9D92DD02}"
EndProject
Project("{FAE04EC0-301F-11D3-BF4B-00C04F79EFBC}") = "P01_BillsPaymentSystem.Data", "P01_BillsPaymentSystem.Data\P01_BillsPaymentSystem.Data.csproj", "{4C5E505C-452F-4690-9CFA-ADDC16290C77}"
EndProject
Project("{FAE04EC0-301F-11D3-BF4B-00C04F79EFBC}") = "P01_BillsPaymentSystem.Data.Models", "P01_BillsPaymentSystem.Data.Models\P01_BillsPaymentSystem.Data.Models.csproj", "{CDF2D2EE-439A-4CD5-B9EA-FA12B69F2B1F}"
EndProject
Global
	GlobalSection(SolutionConfigurationPlatforms) = preSolution
		Debug|Any CPU = Debug|Any CPU
		Release|Any CPU = Release|Any CPU
	EndGlobalSection
	GlobalSection(ProjectConfigurationPlatforms) = postSolution
		{6115B4AE-87C5-45B7-B580-39CB9D92DD02}.Debug|Any CPU.ActiveCfg = Debug|Any CPU
		{6115B4AE-87C5-45B7-B580-39CB9D92DD02}.Debug|Any CPU.Build.0 = Debug|Any CPU
		{6115B4AE-87C5-45B7-B580-39CB9D92DD02}.Release|Any CPU.ActiveCfg = Release|Any CPU
		{6115B4AE-87C5-45B7-B580-39CB9D92DD02}.Release|Any CPU.Build.0 = Release|Any CPU
		{4C5E505C-452F-4690-9CFA-ADDC16290C77}.Debug|Any CPU.ActiveCfg = Debug|Any CPU
		{4C5E505C-452F-4690-9CFA-ADDC16290C77}.Debug|Any CPU.Build.0 = Debug|Any CPU
		{4C5E505C-452F-4690-9CFA-ADDC16290C77}.Release|Any CPU.ActiveCfg = Release|Any CPU
		{4C5E505C-452F-4690-9CFA-ADDC16290C77}.Release|Any CPU.Build.0 = Release|Any CPU
		{CDF2D2EE-439A-4CD5-B9EA-FA12B69F2B1F}.Debug|Any CPU.ActiveCfg = Debug|Any CPU
		{CDF2D2EE-439A-4CD5-B9EA-FA12B69F2B1F}.Debug|Any CPU.Build.0 = Debug|Any CPU
		{CDF2D2EE-439A-4CD5-B9EA-FA12B69F2B1F}.Release|Any CPU.ActiveCfg = Release|Any CPU
		{CDF2D2EE-439A-4CD5-B9EA-FA12B69F2B1F}.Release|Any CPU.Build.0 = Release|Any CPU
	EndGlobalSection
	GlobalSection(SolutionProperties) = preSolution
		HideSolutionNode = FALSE
	EndGlobalSection
	GlobalSection(ExtensibilityGlobals) = postSolution
		SolutionGuid = {E45E146D-EDB4-4ADA-9A42-7C3105404C5C}
	EndGlobalSection
EndGlobal
